{
  "nodes": {
    "flake-parts": {
      "inputs": {
        "nixpkgs-lib": "nixpkgs-lib"
      },
      "locked": {
        "lastModified": 1751413152,
        "narHash": "sha256-Tyw1RjYEsp5scoigs1384gIg6e0GoBVjms4aXFfRssQ=",
        "owner": "hercules-ci",
        "repo": "flake-parts",
        "rev": "77826244401ea9de6e3bac47c2db46005e1f30b5",
        "type": "github"
      },
      "original": {
        "id": "flake-parts",
        "type": "indirect"
      }
    },
    "nixpkgs": {
      "locked": {
        "lastModified": 1751637120,
        "narHash": "sha256-xVNy/XopSfIG9c46nRmPaKfH1Gn/56vQ8++xWA8itO4=",
        "owner": "NixOS",
        "repo": "nixpkgs",
        "rev": "5c724ed1388e53cc231ed98330a60eb2f7be4be3",
        "type": "github"
      },
      "original": {
        "owner": "NixOS",
        "ref": "nixos-unstable",
        "repo": "nixpkgs",
        "type": "github"
      }
    },
    "nixpkgs-lib": {
      "locked": {
        "lastModified": 1751159883,
        "narHash": "sha256-urW/Ylk9FIfvXfliA1ywh75yszAbiTEVgpPeinFyVZo=",
        "owner": "nix-community",
        "repo": "nixpkgs.lib",
        "rev": "14a40a1d7fb9afa4739275ac642ed7301a9ba1ab",
        "type": "github"
      },
      "original": {
        "owner": "nix-community",
        "repo": "nixpkgs.lib",
        "type": "github"
      }
    },
    "root": {
      "inputs": {
        "flake-parts": "flake-parts",
        "nixpkgs": "nixpkgs"
      }
    }
  },
  "root": "root",
  "version": 7
}
